
Microsoft Visual Studio Solution File, Format Version 12.00
# Visual Studio Version 17
VisualStudioVersion = 17.11.35222.181
MinimumVisualStudioVersion = 10.0.40219.1
Project("{9A19103F-16F7-4668-BE54-9A1E7A4F7556}") = "AdminSignin", "AdminSignin\AdminSignin\AdminSignin.csproj", "{A17BFF11-7338-4DC3-877B-7E2167A8F7CA}"
EndProject
Project("{9A19103F-16F7-4668-BE54-9A1E7A4F7556}") = "AdminSignin.Client", "AdminSignin\AdminSignin.Client\AdminSignin.Client.csproj", "{BAD1AD55-7414-4139-90A5-F2C97B1B418A}"
EndProject
Global
	GlobalSection(SolutionConfigurationPlatforms) = preSolution
		Debug|Any CPU = Debug|Any CPU
		Release|Any CPU = Release|Any CPU
	EndGlobalSection
	GlobalSection(ProjectConfigurationPlatforms) = postSolution
		{A17BFF11-7338-4DC3-877B-7E2167A8F7CA}.Debug|Any CPU.ActiveCfg = Debug|Any CPU
		{A17BFF11-7338-4DC3-877B-7E2167A8F7CA}.Debug|Any CPU.Build.0 = Debug|Any CPU
		{A17BFF11-7338-4DC3-877B-7E2167A8F7CA}.Release|Any CPU.ActiveCfg = Release|Any CPU
		{A17BFF11-7338-4DC3-877B-7E2167A8F7CA}.Release|Any CPU.Build.0 = Release|Any CPU
		{BAD1AD55-7414-4139-90A5-F2C97B1B418A}.Debug|Any CPU.ActiveCfg = Debug|Any CPU
		{BAD1AD55-7414-4139-90A5-F2C97B1B418A}.Debug|Any CPU.Build.0 = Debug|Any CPU
		{BAD1AD55-7414-4139-90A5-F2C97B1B418A}.Release|Any CPU.ActiveCfg = Release|Any CPU
		{BAD1AD55-7414-4139-90A5-F2C97B1B418A}.Release|Any CPU.Build.0 = Release|Any CPU
	EndGlobalSection
	GlobalSection(SolutionProperties) = preSolution
		HideSolutionNode = FALSE
	EndGlobalSection
	GlobalSection(ExtensibilityGlobals) = postSolution
		SolutionGuid = {30AAA2AC-3DDB-4738-8C02-19CCDA9D4A95}
	EndGlobalSection
EndGlobal
